
Microsoft Visual Studio Solution File, Format Version 12.00
# Visual Studio Version 16
VisualStudioVersion = 16.0.32228.343
MinimumVisualStudioVersion = 10.0.40219.1
Project("{FAE04EC0-301F-11D3-BF4B-00C04F79EFBC}") = "laborator7", "laborator7\laborator7.csproj", "{42D352ED-3B83-46FE-B51E-5023458692EA}"
EndProject
Global
	GlobalSection(SolutionConfigurationPlatforms) = preSolution
		Debug|Any CPU = Debug|Any CPU
		Release|Any CPU = Release|Any CPU
	EndGlobalSection
	GlobalSection(ProjectConfigurationPlatforms) = postSolution
		{42D352ED-3B83-46FE-B51E-5023458692EA}.Debug|Any CPU.ActiveCfg = Debug|Any CPU
		{42D352ED-3B83-46FE-B51E-5023458692EA}.Debug|Any CPU.Build.0 = Debug|Any CPU
		{42D352ED-3B83-46FE-B51E-5023458692EA}.Release|Any CPU.ActiveCfg = Release|Any CPU
		{42D352ED-3B83-46FE-B51E-5023458692EA}.Release|Any CPU.Build.0 = Release|Any CPU
	EndGlobalSection
	GlobalSection(SolutionProperties) = preSolution
		HideSolutionNode = FALSE
	EndGlobalSection
	GlobalSection(ExtensibilityGlobals) = postSolution
		SolutionGuid = {408F5980-9145-44F2-942A-2F1E39947F80}
	EndGlobalSection
EndGlobal
